# THIS IS AN AUTOGENERATED FILE. DO NOT EDIT THIS FILE DIRECTLY.
# yarn lockfile v1


"accepts@~1.3.8":
  "resolved" "file:node_modules/_accepts@1.3.8@accepts"
  "version" "1.3.8"
  dependencies:
    "mime-types" "~2.1.34"
    "negotiator" "0.6.3"

"append-field@^1.0.0":
  "resolved" "file:node_modules/_append-field@1.0.0@append-field"
  "version" "1.0.0"

"array-flatten@1.1.1":
  "resolved" "file:node_modules/_array-flatten@1.1.1@array-flatten"
  "version" "1.1.1"

"bignumber.js@9.0.0":
  "integrity" "sha512-t/OYhhJ2SD+YGBQcjY8GzzDHEk9f3nerxjtfa6tlMXfe7frs/WozhvCNoGvpM0P3bNf3Gq5ZRMlGr5f3r4/N8A=="
  "resolved" "https://registry.npmmirror.com/bignumber.js/-/bignumber.js-9.0.0.tgz"
  "version" "9.0.0"

"body-parser@^1.20.0":
  "resolved" "file:node_modules/_body-parser@1.20.0@body-parser"
  "version" "1.20.0"
  dependencies:
    "bytes" "3.1.2"
    "content-type" "~1.0.4"
    "debug" "2.6.9"
    "depd" "2.0.0"
    "destroy" "1.2.0"
    "http-errors" "2.0.0"
    "iconv-lite" "0.4.24"
    "on-finished" "2.4.1"
    "qs" "6.10.3"
    "raw-body" "2.5.1"
    "type-is" "~1.6.18"
    "unpipe" "1.0.0"

"body-parser@1.20.0":
  "resolved" "file:node_modules/_body-parser@1.20.0@body-parser"
  "version" "1.20.0"
  dependencies:
    "bytes" "3.1.2"
    "content-type" "~1.0.4"
    "debug" "2.6.9"
    "depd" "2.0.0"
    "destroy" "1.2.0"
    "http-errors" "2.0.0"
    "iconv-lite" "0.4.24"
    "on-finished" "2.4.1"
    "qs" "6.10.3"
    "raw-body" "2.5.1"
    "type-is" "~1.6.18"
    "unpipe" "1.0.0"

"buffer-equal-constant-time@1.0.1":
  "integrity" "sha512-zRpUiDwd/xk6ADqPMATG8vc9VPrkck7T07OIx0gnjmJAnHnTVXNQG3vfvWNuiZIkwu9KrKdA1iJKfsfTVxE6NA=="
  "resolved" "https://registry.npmmirror.com/buffer-equal-constant-time/-/buffer-equal-constant-time-1.0.1.tgz"
  "version" "1.0.1"

"buffer-from@^1.0.0":
  "resolved" "file:node_modules/_buffer-from@1.1.2@buffer-from"
  "version" "1.1.2"

"busboy@^1.0.0":
  "resolved" "file:node_modules/_busboy@1.6.0@busboy"
  "version" "1.6.0"
  dependencies:
    "streamsearch" "^1.1.0"

"bytes@3.1.2":
  "resolved" "file:node_modules/_bytes@3.1.2@bytes"
  "version" "3.1.2"

"call-bind@^1.0.0":
  "resolved" "file:node_modules/_call-bind@1.0.2@call-bind"
  "version" "1.0.2"
  dependencies:
    "function-bind" "^1.1.1"
    "get-intrinsic" "^1.0.2"

"concat-stream@^1.5.2":
  "resolved" "file:node_modules/_concat-stream@1.6.2@concat-stream"
  "version" "1.6.2"
  dependencies:
    "buffer-from" "^1.0.0"
    "inherits" "^2.0.3"
    "readable-stream" "^2.2.2"
    "typedarray" "^0.0.6"

"content-disposition@0.5.4":
  "resolved" "file:node_modules/_content-disposition@0.5.4@content-disposition"
  "version" "0.5.4"
  dependencies:
    "safe-buffer" "5.2.1"

"content-type@~1.0.4":
  "resolved" "file:node_modules/_content-type@1.0.4@content-type"
  "version" "1.0.4"

"cookie-parser@^1.4.6":
  "resolved" "file:node_modules/_cookie-parser@1.4.6@cookie-parser"
  "version" "1.4.6"
  dependencies:
    "cookie" "0.4.1"
    "cookie-signature" "1.0.6"

"cookie-signature@1.0.6":
  "resolved" "file:node_modules/_cookie-signature@1.0.6@cookie-signature"
  "version" "1.0.6"

"cookie@0.4.1":
  "resolved" "file:node_modules/_cookie@0.4.1@cookie"
  "version" "0.4.1"

"cookie@0.5.0":
  "resolved" "file:node_modules/_cookie@0.5.0@cookie"
  "version" "0.5.0"

"core-util-is@~1.0.0":
  "integrity" "sha512-ZQBvi1DcpJ4GDqanjucZ2Hj3wEO5pZDS89BWbkcrvdxksJorwUDDZamX9ldFkp9aw2lmBDLgkObEA4DWNJ9FYQ=="
  "resolved" "https://registry.npmmirror.com/core-util-is/-/core-util-is-1.0.3.tgz"
  "version" "1.0.3"

"debug@2.6.9":
  "resolved" "file:node_modules/_debug@2.6.9@debug"
  "version" "2.6.9"
  dependencies:
    "ms" "2.0.0"

"denque@^1.5.0":
  "integrity" "sha512-XwE+iZ4D6ZUB7mfYRMb5wByE8L74HCn30FBN7sWnXksWc1LO1bPDl67pBR9o/kC4z/xSNAwkMYcGgqDV3BE3Hw=="
  "resolved" "https://registry.npmmirror.com/denque/-/denque-1.5.1.tgz"
  "version" "1.5.1"

"depd@2.0.0":
  "resolved" "file:node_modules/_depd@2.0.0@depd"
  "version" "2.0.0"

"destroy@1.2.0":
  "resolved" "file:node_modules/_destroy@1.2.0@destroy"
  "version" "1.2.0"

"ecdsa-sig-formatter@1.0.11":
  "integrity" "sha512-nagl3RYrbNv6kQkeJIpt6NJZy8twLB/2vtz6yN9Z4vRKHN4/QZJIEbqohALSgwKdnksuY3k5Addp5lg8sVoVcQ=="
  "resolved" "https://registry.npmmirror.com/ecdsa-sig-formatter/-/ecdsa-sig-formatter-1.0.11.tgz"
  "version" "1.0.11"
  dependencies:
    "safe-buffer" "^5.0.1"

"ee-first@1.1.1":
  "resolved" "file:node_modules/_ee-first@1.1.1@ee-first"
  "version" "1.1.1"

"encodeurl@~1.0.2":
  "resolved" "file:node_modules/_encodeurl@1.0.2@encodeurl"
  "version" "1.0.2"

"escape-html@~1.0.3":
  "resolved" "file:node_modules/_escape-html@1.0.3@escape-html"
  "version" "1.0.3"

"etag@~1.8.1":
  "resolved" "file:node_modules/_etag@1.8.1@etag"
  "version" "1.8.1"

"express@^4.18.1":
  "resolved" "file:node_modules/_express@4.18.1@express"
  "version" "4.18.1"
  dependencies:
    "accepts" "~1.3.8"
    "array-flatten" "1.1.1"
    "body-parser" "1.20.0"
    "content-disposition" "0.5.4"
    "content-type" "~1.0.4"
    "cookie" "0.5.0"
    "cookie-signature" "1.0.6"
    "debug" "2.6.9"
    "depd" "2.0.0"
    "encodeurl" "~1.0.2"
    "escape-html" "~1.0.3"
    "etag" "~1.8.1"
    "finalhandler" "1.2.0"
    "fresh" "0.5.2"
    "http-errors" "2.0.0"
    "merge-descriptors" "1.0.1"
    "methods" "~1.1.2"
    "on-finished" "2.4.1"
    "parseurl" "~1.3.3"
    "path-to-regexp" "0.1.7"
    "proxy-addr" "~2.0.7"
    "qs" "6.10.3"
    "range-parser" "~1.2.1"
    "safe-buffer" "5.2.1"
    "send" "0.18.0"
    "serve-static" "1.15.0"
    "setprototypeof" "1.2.0"
    "statuses" "2.0.1"
    "type-is" "~1.6.18"
    "utils-merge" "1.0.1"
    "vary" "~1.1.2"

"finalhandler@1.2.0":
  "resolved" "file:node_modules/_finalhandler@1.2.0@finalhandler"
  "version" "1.2.0"
  dependencies:
    "debug" "2.6.9"
    "encodeurl" "~1.0.2"
    "escape-html" "~1.0.3"
    "on-finished" "2.4.1"
    "parseurl" "~1.3.3"
    "statuses" "2.0.1"
    "unpipe" "~1.0.0"

"forwarded@0.2.0":
  "resolved" "file:node_modules/_forwarded@0.2.0@forwarded"
  "version" "0.2.0"

"fresh@0.5.2":
  "resolved" "file:node_modules/_fresh@0.5.2@fresh"
  "version" "0.5.2"

"function-bind@^1.1.1":
  "resolved" "file:node_modules/_function-bind@1.1.1@function-bind"
  "version" "1.1.1"

"get-intrinsic@^1.0.2":
  "resolved" "file:node_modules/_get-intrinsic@1.1.2@get-intrinsic"
  "version" "1.1.2"
  dependencies:
    "function-bind" "^1.1.1"
    "has" "^1.0.3"
    "has-symbols" "^1.0.3"

"has-symbols@^1.0.3":
  "resolved" "file:node_modules/_has-symbols@1.0.3@has-symbols"
  "version" "1.0.3"

"has@^1.0.3":
  "resolved" "file:node_modules/_has@1.0.3@has"
  "version" "1.0.3"
  dependencies:
    "function-bind" "^1.1.1"

"http-errors@2.0.0":
  "resolved" "file:node_modules/_http-errors@2.0.0@http-errors"
  "version" "2.0.0"
  dependencies:
    "depd" "2.0.0"
    "inherits" "2.0.4"
    "setprototypeof" "1.2.0"
    "statuses" "2.0.1"
    "toidentifier" "1.0.1"

"iconv-lite@0.4.24":
  "resolved" "file:node_modules/_iconv-lite@0.4.24@iconv-lite"
  "version" "0.4.24"
  dependencies:
    "safer-buffer" ">= 2.1.2 < 3"

"inherits@^2.0.3", "inherits@~2.0.3", "inherits@2.0.4":
  "integrity" "sha512-k/vGaX4/Yla3WzyMCvTQOXYeIHvqOKtnqBduzTHpzpQZzAskKMhZ2K+EnBiSM9zGSoIFeMpXKxa4dYeZIQqewQ=="
  "resolved" "https://registry.npmmirror.com/inherits/-/inherits-2.0.4.tgz"
  "version" "2.0.4"

"ipaddr.js@1.9.1":
  "resolved" "file:node_modules/_ipaddr.js@1.9.1@ipaddr.js"
  "version" "1.9.1"

"isarray@~1.0.0":
  "integrity" "sha512-VLghIWNM6ELQzo7zwmcg0NmTVyWKYjvIeM83yjp0wRDTmUnrM678fQbcKBo6n2CJEF0szoG//ytg+TKla89ALQ=="
  "resolved" "https://registry.npmmirror.com/isarray/-/isarray-1.0.0.tgz"
  "version" "1.0.0"

"jsonwebtoken@^8.5.1":
  "integrity" "sha512-XjwVfRS6jTMsqYs0EsuJ4LGxXV14zQybNd4L2r0UvbVnSF9Af8x7p5MzbJ90Ioz/9TI41/hTCvznF/loiSzn8w=="
  "resolved" "https://registry.npmmirror.com/jsonwebtoken/-/jsonwebtoken-8.5.1.tgz"
  "version" "8.5.1"
  dependencies:
    "jws" "^3.2.2"
    "lodash.includes" "^4.3.0"
    "lodash.isboolean" "^3.0.3"
    "lodash.isinteger" "^4.0.4"
    "lodash.isnumber" "^3.0.3"
    "lodash.isplainobject" "^4.0.6"
    "lodash.isstring" "^4.0.1"
    "lodash.once" "^4.0.0"
    "ms" "^2.1.1"
    "semver" "^5.6.0"

"jwa@^1.4.1":
  "integrity" "sha512-qiLX/xhEEFKUAJ6FiBMbes3w9ATzyk5W7Hvzpa/SLYdxNtng+gcurvrI7TbACjIXlsJyr05/S1oUhZrc63evQA=="
  "resolved" "https://registry.npmmirror.com/jwa/-/jwa-1.4.1.tgz"
  "version" "1.4.1"
  dependencies:
    "buffer-equal-constant-time" "1.0.1"
    "ecdsa-sig-formatter" "1.0.11"
    "safe-buffer" "^5.0.1"

"jws@^3.2.2":
  "integrity" "sha512-YHlZCB6lMTllWDtSPHz/ZXTsi8S00usEV6v1tjq8tOUZzw7DpSDWVXjXDre6ed1w/pd495ODpHZYSdkRTsa0HA=="
  "resolved" "https://registry.npmmirror.com/jws/-/jws-3.2.2.tgz"
  "version" "3.2.2"
  dependencies:
    "jwa" "^1.4.1"
    "safe-buffer" "^5.0.1"

"lodash.includes@^4.3.0":
  "integrity" "sha512-W3Bx6mdkRTGtlJISOvVD/lbqjTlPPUDTMnlXZFnVwi9NKJ6tiAk6LVdlhZMm17VZisqhKcgzpO5Wz91PCt5b0w=="
  "resolved" "https://registry.npmmirror.com/lodash.includes/-/lodash.includes-4.3.0.tgz"
  "version" "4.3.0"

"lodash.isboolean@^3.0.3":
  "integrity" "sha512-Bz5mupy2SVbPHURB98VAcw+aHh4vRV5IPNhILUCsOzRmsTmSQ17jIuqopAentWoehktxGd9e/hbIXq980/1QJg=="
  "resolved" "https://registry.npmmirror.com/lodash.isboolean/-/lodash.isboolean-3.0.3.tgz"
  "version" "3.0.3"

"lodash.isinteger@^4.0.4":
  "integrity" "sha512-DBwtEWN2caHQ9/imiNeEA5ys1JoRtRfY3d7V9wkqtbycnAmTvRRmbHKDV4a0EYc678/dia0jrte4tjYwVBaZUA=="
  "resolved" "https://registry.npmmirror.com/lodash.isinteger/-/lodash.isinteger-4.0.4.tgz"
  "version" "4.0.4"

"lodash.isnumber@^3.0.3":
  "integrity" "sha512-QYqzpfwO3/CWf3XP+Z+tkQsfaLL/EnUlXWVkIk5FUPc4sBdTehEqZONuyRt2P67PXAk+NXmTBcc97zw9t1FQrw=="
  "resolved" "https://registry.npmmirror.com/lodash.isnumber/-/lodash.isnumber-3.0.3.tgz"
  "version" "3.0.3"

"lodash.isplainobject@^4.0.6":
  "integrity" "sha512-oSXzaWypCMHkPC3NvBEaPHf0KsA5mvPrOPgQWDsbg8n7orZ290M0BmC/jgRZ4vcJ6DTAhjrsSYgdsW/F+MFOBA=="
  "resolved" "https://registry.npmmirror.com/lodash.isplainobject/-/lodash.isplainobject-4.0.6.tgz"
  "version" "4.0.6"

"lodash.isstring@^4.0.1":
  "integrity" "sha512-0wJxfxH1wgO3GrbuP+dTTk7op+6L41QCXbGINEmD+ny/G/eCqGzxyCsh7159S+mgDDcoarnBw6PC1PS5+wUGgw=="
  "resolved" "https://registry.npmmirror.com/lodash.isstring/-/lodash.isstring-4.0.1.tgz"
  "version" "4.0.1"

"lodash.once@^4.0.0":
  "integrity" "sha512-Sb487aTOCr9drQVL8pIxOzVhafOjZN9UU54hiN8PU3uAiSV7lx1yYNpbNmex2PK6dSJoNTSJUUswT651yww3Mg=="
  "resolved" "https://registry.npmmirror.com/lodash.once/-/lodash.once-4.1.1.tgz"
  "version" "4.1.1"

"media-typer@0.3.0":
  "resolved" "file:node_modules/_media-typer@0.3.0@media-typer"
  "version" "0.3.0"

"merge-descriptors@1.0.1":
  "resolved" "file:node_modules/_merge-descriptors@1.0.1@merge-descriptors"
  "version" "1.0.1"

"methods@~1.1.2":
  "resolved" "file:node_modules/_methods@1.1.2@methods"
  "version" "1.1.2"

"mime-db@1.52.0":
  "resolved" "file:node_modules/_mime-db@1.52.0@mime-db"
  "version" "1.52.0"

"mime-types@~2.1.24":
  "resolved" "file:node_modules/_mime-types@2.1.35@mime-types"
  "version" "2.1.35"
  dependencies:
    "mime-db" "1.52.0"

"mime-types@~2.1.34":
  "resolved" "file:node_modules/_mime-types@2.1.35@mime-types"
  "version" "2.1.35"
  dependencies:
    "mime-db" "1.52.0"

"mime@1.6.0":
  "resolved" "file:node_modules/_mime@1.6.0@mime"
  "version" "1.6.0"

"minimist@^1.2.6":
  "resolved" "file:node_modules/_minimist@1.2.6@minimist"
  "version" "1.2.6"

"mkdirp@^0.5.4":
  "resolved" "file:node_modules/_mkdirp@0.5.6@mkdirp"
  "version" "0.5.6"
  dependencies:
    "minimist" "^1.2.6"

"ms@^2.1.1", "ms@2.1.3":
  "integrity" "sha512-6FlzubTLZG3J2a/NVCAleEhjzq5oxgHyaCU9yYXvcLsvoVaHJq/s5xXI6/XXP6tz7R9xAOtHnSO/tXtF3WRTlA=="
  "resolved" "https://registry.npmmirror.com/ms/-/ms-2.1.3.tgz"
  "version" "2.1.3"

"ms@2.0.0":
  "resolved" "file:node_modules/_ms@2.0.0@ms"
  "version" "2.0.0"

"multer@^1.4.5-lts.1":
  "resolved" "file:node_modules/_multer@1.4.5-lts.1@multer"
  "version" "1.4.5-lts.1"
  dependencies:
    "append-field" "^1.0.0"
    "busboy" "^1.0.0"
    "concat-stream" "^1.5.2"
    "mkdirp" "^0.5.4"
    "object-assign" "^4.1.1"
    "type-is" "^1.6.4"
    "xtend" "^4.0.0"

"mysql@^2.18.1":
  "integrity" "sha512-Bca+gk2YWmqp2Uf6k5NFEurwY/0td0cpebAucFpY/3jhrwrVGuxU2uQFCHjU19SJfje0yQvi+rVWdq78hR5lig=="
  "resolved" "https://registry.npmmirror.com/mysql/-/mysql-2.18.1.tgz"
  "version" "2.18.1"
  dependencies:
    "bignumber.js" "9.0.0"
    "readable-stream" "2.3.7"
    "safe-buffer" "5.1.2"
    "sqlstring" "2.3.1"

"negotiator@0.6.3":
  "resolved" "file:node_modules/_negotiator@0.6.3@negotiator"
  "version" "0.6.3"

"object-assign@^4.1.1":
  "resolved" "file:node_modules/_object-assign@4.1.1@object-assign"
  "version" "4.1.1"

"object-inspect@^1.9.0":
  "resolved" "file:node_modules/_object-inspect@1.12.2@object-inspect"
  "version" "1.12.2"

"on-finished@2.4.1":
  "resolved" "file:node_modules/_on-finished@2.4.1@on-finished"
  "version" "2.4.1"
  dependencies:
    "ee-first" "1.1.1"

"parseurl@~1.3.3":
  "resolved" "file:node_modules/_parseurl@1.3.3@parseurl"
  "version" "1.3.3"

"path-to-regexp@0.1.7":
  "resolved" "file:node_modules/_path-to-regexp@0.1.7@path-to-regexp"
  "version" "0.1.7"

"process-nextick-args@~2.0.0":
  "integrity" "sha512-3ouUOpQhtgrbOa17J7+uxOTpITYWaGP7/AhoR3+A+/1e9skrzelGi/dXzEYyvbxubEF6Wn2ypscTKiKJFFn1ag=="
  "resolved" "https://registry.npmmirror.com/process-nextick-args/-/process-nextick-args-2.0.1.tgz"
  "version" "2.0.1"

"proxy-addr@~2.0.7":
  "resolved" "file:node_modules/_proxy-addr@2.0.7@proxy-addr"
  "version" "2.0.7"
  dependencies:
    "forwarded" "0.2.0"
    "ipaddr.js" "1.9.1"

"qs@6.10.3":
  "resolved" "file:node_modules/_qs@6.10.3@qs"
  "version" "6.10.3"
  dependencies:
    "side-channel" "^1.0.4"

"range-parser@~1.2.1":
  "resolved" "file:node_modules/_range-parser@1.2.1@range-parser"
  "version" "1.2.1"

"raw-body@2.5.1":
  "resolved" "file:node_modules/_raw-body@2.5.1@raw-body"
  "version" "2.5.1"
  dependencies:
    "bytes" "3.1.2"
    "http-errors" "2.0.0"
    "iconv-lite" "0.4.24"
    "unpipe" "1.0.0"

"readable-stream@^2.2.2", "readable-stream@2.3.7":
  "integrity" "sha512-Ebho8K4jIbHAxnuxi7o42OrZgF/ZTNcsZj6nRKyUmkhLFq8CHItp/fy6hQZuZmP/n3yZ9VBUbp4zz/mX8hmYPw=="
  "resolved" "https://registry.npmmirror.com/readable-stream/-/readable-stream-2.3.7.tgz"
  "version" "2.3.7"
  dependencies:
    "core-util-is" "~1.0.0"
    "inherits" "~2.0.3"
    "isarray" "~1.0.0"
    "process-nextick-args" "~2.0.0"
    "safe-buffer" "~5.1.1"
    "string_decoder" "~1.1.1"
    "util-deprecate" "~1.0.1"

"redis-commands@^1.7.0":
  "integrity" "sha512-nJWqw3bTFy21hX/CPKHth6sfhZbdiHP6bTawSgQBlKOVRG7EZkfHbbHwQJnrE4vsQf0CMNE+3gJ4Fmm16vdVlQ=="
  "resolved" "https://registry.npmmirror.com/redis-commands/-/redis-commands-1.7.0.tgz"
  "version" "1.7.0"

"redis-errors@^1.0.0", "redis-errors@^1.2.0":
  "integrity" "sha512-1qny3OExCf0UvUV/5wpYKf2YwPcOqXzkwKKSmKHiE6ZMQs5heeE/c8eXK+PNllPvmjgAbfnsbpkGZWy8cBpn9w=="
  "resolved" "https://registry.npmmirror.com/redis-errors/-/redis-errors-1.2.0.tgz"
  "version" "1.2.0"

"redis-parser@^3.0.0":
  "integrity" "sha512-DJnGAeenTdpMEH6uAJRK/uiyEIH9WVsUmoLwzudwGJUwZPp80PDBWPHXSAGNPwNvIXAbe7MSUB1zQFugFml66A=="
  "resolved" "https://registry.npmmirror.com/redis-parser/-/redis-parser-3.0.0.tgz"
  "version" "3.0.0"
  dependencies:
    "redis-errors" "^1.0.0"

"redis@^3.1.2":
  "integrity" "sha512-grn5KoZLr/qrRQVwoSkmzdbw6pwF+/rwODtrOr6vuBRiR/f3rjSTGupbF90Zpqm2oenix8Do6RV7pYEkGwlKkw=="
  "resolved" "https://registry.npmmirror.com/redis/-/redis-3.1.2.tgz"
  "version" "3.1.2"
  dependencies:
    "denque" "^1.5.0"
    "redis-commands" "^1.7.0"
    "redis-errors" "^1.2.0"
    "redis-parser" "^3.0.0"

"safe-buffer@^5.0.1", "safe-buffer@~5.1.0", "safe-buffer@~5.1.1", "safe-buffer@5.1.2":
  "integrity" "sha512-Gd2UZBJDkXlY7GbJxfsE8/nvKkUEU1G38c1siN6QP6a9PT9MmHB8GnpscSmMJSoF8LOIrt8ud/wPtojys4G6+g=="
  "resolved" "https://registry.npmmirror.com/safe-buffer/-/safe-buffer-5.1.2.tgz"
  "version" "5.1.2"

"safe-buffer@5.2.1":
  "resolved" "file:node_modules/_safe-buffer@5.2.1@safe-buffer"
  "version" "5.2.1"

"safer-buffer@>= 2.1.2 < 3":
  "resolved" "file:node_modules/_safer-buffer@2.1.2@safer-buffer"
  "version" "2.1.2"

"semver@^5.6.0":
  "integrity" "sha512-sauaDf/PZdVgrLTNYHRtpXa1iRiKcaebiKQ1BJdpQlWH2lCvexQdX55snPFyK7QzpudqbCI0qXFfOasHdyNDGQ=="
  "resolved" "https://registry.npmmirror.com/semver/-/semver-5.7.1.tgz"
  "version" "5.7.1"

"send@0.18.0":
  "resolved" "file:node_modules/_send@0.18.0@send"
  "version" "0.18.0"
  dependencies:
    "debug" "2.6.9"
    "depd" "2.0.0"
    "destroy" "1.2.0"
    "encodeurl" "~1.0.2"
    "escape-html" "~1.0.3"
    "etag" "~1.8.1"
    "fresh" "0.5.2"
    "http-errors" "2.0.0"
    "mime" "1.6.0"
    "ms" "2.1.3"
    "on-finished" "2.4.1"
    "range-parser" "~1.2.1"
    "statuses" "2.0.1"

"serve-static@1.15.0":
  "resolved" "file:node_modules/_serve-static@1.15.0@serve-static"
  "version" "1.15.0"
  dependencies:
    "encodeurl" "~1.0.2"
    "escape-html" "~1.0.3"
    "parseurl" "~1.3.3"
    "send" "0.18.0"

"setprototypeof@1.2.0":
  "resolved" "file:node_modules/_setprototypeof@1.2.0@setprototypeof"
  "version" "1.2.0"

"side-channel@^1.0.4":
  "resolved" "file:node_modules/_side-channel@1.0.4@side-channel"
  "version" "1.0.4"
  dependencies:
    "call-bind" "^1.0.0"
    "get-intrinsic" "^1.0.2"
    "object-inspect" "^1.9.0"

"sqlstring@2.3.1":
  "integrity" "sha512-ooAzh/7dxIG5+uDik1z/Rd1vli0+38izZhGzSa34FwR7IbelPWCCKSNIl8jlL/F7ERvy8CB2jNeM1E9i9mXMAQ=="
  "resolved" "https://registry.npmmirror.com/sqlstring/-/sqlstring-2.3.1.tgz"
  "version" "2.3.1"

"statuses@2.0.1":
  "resolved" "file:node_modules/_statuses@2.0.1@statuses"
  "version" "2.0.1"

"streamsearch@^1.1.0":
  "resolved" "file:node_modules/_streamsearch@1.1.0@streamsearch"
  "version" "1.1.0"

"string_decoder@~1.1.1":
  "integrity" "sha512-n/ShnvDi6FHbbVfviro+WojiFzv+s8MPMHBczVePfUpDJLwoLT0ht1l4YwBCbi8pJAveEEdnkHyPyTP/mzRfwg=="
  "resolved" "https://registry.npmmirror.com/string_decoder/-/string_decoder-1.1.1.tgz"
  "version" "1.1.1"
  dependencies:
    "safe-buffer" "~5.1.0"

"toidentifier@1.0.1":
  "resolved" "file:node_modules/_toidentifier@1.0.1@toidentifier"
  "version" "1.0.1"

"type-is@^1.6.4":
  "resolved" "file:node_modules/_type-is@1.6.18@type-is"
  "version" "1.6.18"
  dependencies:
    "media-typer" "0.3.0"
    "mime-types" "~2.1.24"

"type-is@~1.6.18":
  "resolved" "file:node_modules/_type-is@1.6.18@type-is"
  "version" "1.6.18"
  dependencies:
    "media-typer" "0.3.0"
    "mime-types" "~2.1.24"

"typedarray@^0.0.6":
  "resolved" "file:node_modules/_typedarray@0.0.6@typedarray"
  "version" "0.0.6"

"unpipe@~1.0.0":
  "resolved" "file:node_modules/_unpipe@1.0.0@unpipe"
  "version" "1.0.0"

"unpipe@1.0.0":
  "resolved" "file:node_modules/_unpipe@1.0.0@unpipe"
  "version" "1.0.0"

"util-deprecate@~1.0.1":
  "integrity" "sha512-EPD5q1uXyFxJpCrLnCc1nHnq3gOa6DZBocAIiI2TaSCA7VCJ1UJDMagCzIkXNsUYfD1daK//LTEQ8xiIbrHtcw=="
  "resolved" "https://registry.npmmirror.com/util-deprecate/-/util-deprecate-1.0.2.tgz"
  "version" "1.0.2"

"utils-merge@1.0.1":
  "resolved" "file:node_modules/_utils-merge@1.0.1@utils-merge"
  "version" "1.0.1"

"vary@~1.1.2":
  "resolved" "file:node_modules/_vary@1.1.2@vary"
  "version" "1.1.2"

"ws@^8.8.1":
  "integrity" "sha512-bGy2JzvzkPowEJV++hF07hAD6niYSr0JzBNo/J29WsB57A2r7Wlc1UFcTR9IzrPvuNVO4B8LGqF8qcpsVOhJCA=="
  "resolved" "https://registry.npmmirror.com/ws/-/ws-8.8.1.tgz"
  "version" "8.8.1"

"xtend@^4.0.0":
  "resolved" "file:node_modules/_xtend@4.0.2@xtend"
  "version" "4.0.2"
